
Microsoft Visual Studio Solution File, Format Version 12.00
# Visual Studio Version 17
VisualStudioVersion = 17.10.35013.160
MinimumVisualStudioVersion = 10.0.40219.1
Project("{9A19103F-16F7-4668-BE54-9A1E7A4F7556}") = "Jammer", "Jammer\Jammer.csproj", "{97085BA0-1136-4BB5-8769-5F09437D2F31}"
EndProject
Global
	GlobalSection(SolutionConfigurationPlatforms) = preSolution
		Debug|Any CPU = Debug|Any CPU
		Release|Any CPU = Release|Any CPU
	EndGlobalSection
	GlobalSection(ProjectConfigurationPlatforms) = postSolution
		{97085BA0-1136-4BB5-8769-5F09437D2F31}.Debug|Any CPU.ActiveCfg = Debug|Any CPU
		{97085BA0-1136-4BB5-8769-5F09437D2F31}.Debug|Any CPU.Build.0 = Debug|Any CPU
		{97085BA0-1136-4BB5-8769-5F09437D2F31}.Release|Any CPU.ActiveCfg = Release|Any CPU
		{97085BA0-1136-4BB5-8769-5F09437D2F31}.Release|Any CPU.Build.0 = Release|Any CPU
	EndGlobalSection
	GlobalSection(SolutionProperties) = preSolution
		HideSolutionNode = FALSE
	EndGlobalSection
	GlobalSection(ExtensibilityGlobals) = postSolution
		SolutionGuid = {7E42BFD3-56D8-44D3-89B5-D101C9F536DC}
	EndGlobalSection
EndGlobal
